// !$*UTF8*$!
{
	archiveVersion = 1;
	classes = {
	};
	objectVersion = 48;
	objects = {

/* Begin PBXBuildFile section */
		A44B0B951FA9CF2B001B00FB /* AppDelegate.m in Sources */ = {isa = PBXBuildFile; fileRef = A44B0B941FA9CF2B001B00FB /* AppDelegate.m */; };
		A44B0B981FA9CF2B001B00FB /* ViewController.m in Sources */ = {isa = PBXBuildFile; fileRef = A44B0B971FA9CF2B001B00FB /* ViewController.m */; };
		A44B0B9B1FA9CF2B001B00FB /* Main.storyboard in Resources */ = {isa = PBXBuildFile; fileRef = A44B0B991FA9CF2B001B00FB /* Main.storyboard */; };
		A44B0B9D1FA9CF2B001B00FB /* Assets.xcassets in Resources */ = {isa = PBXBuildFile; fileRef = A44B0B9C1FA9CF2B001B00FB /* Assets.xcassets */; };
		A44B0BA01FA9CF2B001B00FB /* LaunchScreen.storyboard in Resources */ = {isa = PBXBuildFile; fileRef = A44B0B9E1FA9CF2B001B00FB /* LaunchScreen.storyboard */; };
		A44B0BA31FA9CF2B001B00FB /* main.m in Sources */ = {isa = PBXBuildFile; fileRef = A44B0BA21FA9CF2B001B00FB /* main.m */; };
/* End PBXBuildFile section */

/* Begin PBXFileReference section */
		A44B0B901FA9CF2B001B00FB /* SK_UIKiteDemo.app */ = {isa = PBXFileReference; explicitFileType = wrapper.application; includeInIndex = 0; path = SK_UIKiteDemo.app; sourceTree = BUILT_PRODUCTS_DIR; };
		A44B0B931FA9CF2B001B00FB /* AppDelegate.h */ = {isa = PBXFileReference; lastKnownFileType = sourcecode.c.h; path = AppDelegate.h; sourceTree = "<group>"; };
		A44B0B941FA9CF2B001B00FB /* AppDelegate.m */ = {isa = PBXFileReference; lastKnownFileType = sourcecode.c.objc; path = AppDelegate.m; sourceTree = "<group>"; };
		A44B0B961FA9CF2B001B00FB /* ViewController.h */ = {isa = PBXFileReference; lastKnownFileType = sourcecode.c.h; path = ViewController.h; sourceTree = "<group>"; };
		A44B0B971FA9CF2B001B00FB /* ViewController.m */ = {isa = PBXFileReference; lastKnownFileType = sourcecode.c.objc; path = ViewController.m; sourceTree = "<group>"; };
		A44B0B9A1FA9CF2B001B00FB /* Base */ = {isa = PBXFileReference; lastKnownFileType = file.storyboard; name = Base; path = Base.lproj/Main.storyboard; sourceTree = "<group>"; };
		A44B0B9C1FA9CF2B001B00FB /* Assets.xcassets */ = {isa = PBXFileReference; lastKnownFileType = folder.assetcatalog; path = Assets.xcassets; sourceTree = "<group>"; };
		A44B0B9F1FA9CF2B001B00FB /* Base */ = {isa = PBXFileReference; lastKnownFileType = file.storyboard; name = Base; path = Base.lproj/LaunchScreen.storyboard; sourceTree = "<group>"; };
		A44B0BA11FA9CF2B001B00FB /* Info.plist */ = {isa = PBXFileReference; lastKnownFileType = text.plist.xml; path = Info.plist; sourceTree = "<group>"; };
		A44B0BA21FA9CF2B001B00FB /* main.m */ = {isa = PBXFileReference; lastKnownFileType = sourcecode.c.objc; path = main.m; sourceTree = "<group>"; };
/* End PBXFileReference section */

/* Begin PBXFrameworksBuildPhase section */
		A44B0B8D1FA9CF2B001B00FB /* Frameworks */ = {
			isa = PBXFrameworksBuildPhase;
			buildActionMask = 2147483647;
			files = (
			);
			runOnlyForDeploymentPostprocessing = 0;
		};
/* End PBXFrameworksBuildPhase section */

/* Begin PBXGroup section */
		A44B0B871FA9CF2B001B00FB = {
			isa = PBXGroup;
			children = (
				A44B0B921FA9CF2B001B00FB /* SK_UIKiteDemo */,
				A44B0B911FA9CF2B001B00FB /* Products */,
			);
			sourceTree = "<group>";
		};
		A44B0B911FA9CF2B001B00FB /* Products */ = {
			isa = PBXGroup;
			children = (
				A44B0B901FA9CF2B001B00FB /* SK_UIKiteDemo.app */,
			);
			name = Products;
			sourceTree = "<group>";
		};
		A44B0B921FA9CF2B001B00FB /* SK_UIKiteDemo */ = {
			isa = PBXGroup;
			children = (
				A44B0B931FA9CF2B001B00FB /* AppDelegate.h */,
				A44B0B941FA9CF2B001B00FB /* AppDelegate.m */,
				A44B0B961FA9CF2B001B00FB /* ViewController.h */,
				A44B0B971FA9CF2B001B00FB /* ViewController.m */,
				A44B0B991FA9CF2B001B00FB /* Main.storyboard */,
				A44B0B9C1FA9CF2B001B00FB /* Assets.xcassets */,
				A44B0B9E1FA9CF2B001B00FB /* LaunchScreen.storyboard */,
				A44B0BA11FA9CF2B001B00FB /* Info.plist */,
				A44B0BA21FA9CF2B001B00FB /* main.m */,
			);
			path = SK_UIKiteDemo;
			sourceTree = "<group>";
		};
/* End PBXGroup section */

/* Begin PBXNativeTarget section */
		A44B0B8F1FA9CF2B001B00FB /* SK_UIKiteDemo */ = {
			isa = PBXNativeTarget;
			buildConfigurationList = A44B0BA61FA9CF2B001B00FB /* Build configuration list for PBXNativeTarget "SK_UIKiteDemo" */;
			buildPhases = (
				A44B0B8C1FA9CF2B001B00FB /* Sources */,
				A44B0B8D1FA9CF2B001B00FB /* Frameworks */,
				A44B0B8E1FA9CF2B001B00FB /* Resources */,
			);
			buildRules = (
			);
			dependencies = (
			);
			name = SK_UIKiteDemo;
			productName = SK_UIKiteDemo;
			productReference = A44B0B901FA9CF2B001B00FB /* SK_UIKiteDemo.app */;
			productType = "com.apple.product-type.application";
		};
/* End PBXNativeTarget section */

/* Begin PBXProject section */
		A44B0B881FA9CF2B001B00FB /* Project object */ = {
			isa = PBXProject;
			attributes = {
				LastUpgradeCheck = 0900;
				ORGANIZATIONNAME = Skylin;
				TargetAttributes = {
					A44B0B8F1FA9CF2B001B00FB = {
						CreatedOnToolsVersion = 9.0;
						ProvisioningStyle = Automatic;
					};
				};
			};
			buildConfigurationList = A44B0B8B1FA9CF2B001B00FB /* Build configuration list for PBXProject "SK_UIKiteDemo" */;
			compatibilityVersion = "Xcode 8.0";
			developmentRegion = en;
			hasScannedForEncodings = 0;
			knownRegions = (
				en,
				Base,
			);
			mainGroup = A44B0B871FA9CF2B001B00FB;
			productRefGroup = A44B0B911FA9CF2B001B00FB /* Products */;
			projectDirPath = "";
			projectRoot = "";
			targets = (
				A44B0B8F1FA9CF2B001B00FB /* SK_UIKiteDemo */,
			);
		};
/* End PBXProject section */

/* Begin PBXResourcesBuildPhase section */
		A44B0B8E1FA9CF2B001B00FB /* Resources */ = {
			isa = PBXResourcesBuildPhase;
			buildActionMask = 2147483647;
			files = (
				A44B0BA01FA9CF2B001B00FB /* LaunchScreen.storyboard in Resources */,
				A44B0B9D1FA9CF2B001B00FB /* Assets.xcassets in Resources */,
				A44B0B9B1FA9CF2B001B00FB /* Main.storyboard in Resources */,
			);
			runOnlyForDeploymentPostprocessing = 0;
		};
/* End PBXResourcesBuildPhase section */

/* Begin PBXSourcesBuildPhase section */
		A44B0B8C1FA9CF2B001B00FB /* Sources */ = {
			isa = PBXSourcesBuildPhase;
			buildActionMask = 2147483647;
			files = (
				A44B0B981FA9CF2B001B00FB /* ViewController.m in Sources */,
				A44B0BA31FA9CF2B001B00FB /* main.m in Sources */,
				A44B0B951FA9CF2B001B00FB /* AppDelegate.m in Sources */,
			);
			runOnlyForDeploymentPostprocessing = 0;
		};
/* End PBXSourcesBuildPhase section */

/* Begin PBXVariantGroup section */
		A44B0B991FA9CF2B001B00FB /* Main.storyboard */ = {
			isa = PBXVariantGroup;
			children = (
				A44B0B9A1FA9CF2B001B00FB /* Base */,
			);
			name = Main.storyboard;
			sourceTree = "<group>";
		};
		A44B0B9E1FA9CF2B001B00FB /* LaunchScreen.storyboard */ = {
			isa = PBXVariantGroup;
			children = (
				A44B0B9F1FA9CF2B001B00FB /* Base */,
			);
			name = LaunchScreen.storyboard;
			sourceTree = "<group>";
		};
/* End PBXVariantGroup section */

/* Begin XCBuildConfiguration section */
		A44B0BA41FA9CF2B001B00FB /* Debug */ = {
			isa = XCBuildConfiguration;
			buildSettings = {
				ALWAYS_SEARCH_USER_PATHS = NO;
				CLANG_ANALYZER_NONNULL = YES;
				CLANG_ANALYZER_NUMBER_OBJECT_CONVERSION = YES_AGGRESSIVE;
				CLANG_CXX_LANGUAGE_STANDARD = "gnu++14";
				CLANG_CXX_LIBRARY = "libc++";
				CLANG_ENABLE_MODULES = YES;
				CLANG_ENABLE_OBJC_ARC = YES;
				CLANG_WARN_BLOCK_CAPTURE_AUTORELEASING = YES;
				CLANG_WARN_BOOL_CONVERSION = YES;
				CLANG_WARN_COMMA = YES;
				CLANG_WARN_CONSTANT_CONVERSION = YES;
				CLANG_WARN_DIRECT_OBJC_ISA_USAGE = YES_ERROR;
				CLANG_WARN_DOCUMENTATION_COMMENTS = YES;
				CLANG_WARN_EMPTY_BODY = YES;
				CLANG_WARN_ENUM_CONVERSION = YES;
				CLANG_WARN_INFINITE_RECURSION = YES;
				CLANG_WARN_INT_CONVERSION = YES;
				CLANG_WARN_NON_LITERAL_NULL_CONVERSION = YES;
				CLANG_WARN_OBJC_LITERAL_CONVERSION = YES;
				CLANG_WARN_OBJC_ROOT_CLASS = YES_ERROR;
				CLANG_WARN_RANGE_LOOP_ANALYSIS = YES;
				CLANG_WARN_STRICT_PROTOTYPES = YES;
				CLANG_WARN_SUSPICIOUS_MOVE = YES;
				CLANG_WARN_UNGUARDED_AVAILABILITY = YES_AGGRESSIVE;
				CLANG_WARN_UNREACHABLE_CODE = YES;
				CLANG_WARN__DUPLICATE_METHOD_MATCH = YES;
				CODE_SIGN_IDENTITY = "iPhone Developer";
				COPY_PHASE_STRIP = NO;
				DEBUG_INFORMATION_FORMAT = dwarf;
				ENABLE_STRICT_OBJC_MSGSEND = YES;
				ENABLE_TESTABILITY = YES;
				GCC_C_LANGUAGE_STANDARD = gnu11;
				GCC_DYNAMIC_NO_PIC = NO;
				GCC_NO_COMMON_BLOCKS = YES;
				GCC_OPTIMIZATION_LEVEL = 0;
				GCC_PREPROCESSOR_DEFINITIONS = (
					"DEBUG=1",
					"$(inherited)",
				);
				GCC_WARN_64_TO_32_BIT_CONVERSION = YES;
				GCC_WARN_ABOUT_RETURN_TYPE = YES_ERROR;
				GCC_WARN_UNDECLARED_SELECTOR = YES;
				GCC_WARN_UNINITIALIZED_AUTOS = YES_AGGRESSIVE;
				GCC_WARN_UNUSED_FUNCTION = YES;
				GCC_WARN_UNUSED_VARIABLE = YES;
				IPHONEOS_DEPLOYMENT_TARGET = 11.0;
				MTL_ENABLE_DEBUG_INFO = YES;
				ONLY_ACTIVE_ARCH = YES;
				SDKROOT = iphoneos;
			};
			name = Debug;
		};
		A44B0BA51FA9CF2B001B00FB /* Release */ = {
			isa = XCBuildConfiguration;
			buildSettings = {
				ALWAYS_SEARCH_USER_PATHS = NO;
				CLANG_ANALYZER_NONNULL = YES;
				CLANG_ANALYZER_NUMBER_OBJECT_CONVERSION = YES_AGGRESSIVE;
				CLANG_CXX_LANGUAGE_STANDARD = "gnu++14";
				CLANG_CXX_LIBRARY = "libc++";
				CLANG_ENABLE_MODULES = YES;
				CLANG_ENABLE_OBJC_ARC = YES;
				CLANG_WARN_BLOCK_CAPTURE_AUTORELEASING = YES;
				CLANG_WARN_BOOL_CONVERSION = YES;
				CLANG_WARN_COMMA = YES;
				CLANG_WARN_CONSTANT_CONVERSION = YES;
				CLANG_WARN_DIRECT_OBJC_ISA_USAGE = YES_ERROR;
				CLANG_WARN_DOCUMENTATION_COMMENTS = YES;
				CLANG_WARN_EMPTY_BODY = YES;
				CLANG_WARN_ENUM_CONVERSION = YES;
				CLANG_WARN_INFINITE_RECURSION = YES;
				CLANG_WARN_INT_CONVERSION = YES;
				CLANG_WARN_NON_LITERAL_NULL_CONVERSION = YES;
				CLANG_WARN_OBJC_LITERAL_CONVERSION = YES;
				CLANG_WARN_OBJC_ROOT_CLASS = YES_ERROR;
				CLANG_WARN_RANGE_LOOP_ANALYSIS = YES;
				CLANG_WARN_STRICT_PROTOTYPES = YES;
				CLANG_WARN_SUSPICIOUS_MOVE = YES;
				CLANG_WARN_UNGUARDED_AVAILABILITY = YES_AGGRESSIVE;
				CLANG_WARN_UNREACHABLE_CODE = YES;
				CLANG_WARN__DUPLICATE_METHOD_MATCH = YES;
				CODE_SIGN_IDENTITY = "iPhone Developer";
				COPY_PHASE_STRIP = NO;
				DEBUG_INFORMATION_FORMAT = "dwarf-with-dsym";
				ENABLE_NS_ASSERTIONS = NO;
				ENABLE_STRICT_OBJC_MSGSEND = YES;
				GCC_C_LANGUAGE_STANDARD = gnu11;
				GCC_NO_COMMON_BLOCKS = YES;
				GCC_WARN_64_TO_32_BIT_CONVERSION = YES;
				GCC_WARN_ABOUT_RETURN_TYPE = YES_ERROR;
				GCC_WARN_UNDECLARED_SELECTOR = YES;
				GCC_WARN_UNINITIALIZED_AUTOS = YES_AGGRESSIVE;
				GCC_WARN_UNUSED_FUNCTION = YES;
				GCC_WARN_UNUSED_VARIABLE = YES;
				IPHONEOS_DEPLOYMENT_TARGET = 11.0;
				MTL_ENABLE_DEBUG_INFO = NO;
				SDKROOT = iphoneos;
				VALIDATE_PRODUCT = YES;
			};
			name = Release;
		};
		A44B0BA71FA9CF2B001B00FB /* Debug */ = {
			isa = XCBuildConfiguration;
			buildSettings = {
				ASSETCATALOG_COMPILER_APPICON_NAME = AppIcon;
				CODE_SIGN_STYLE = Automatic;
				DEVELOPMENT_TEAM = ME59B3AM52;
				INFOPLIST_FILE = SK_UIKiteDemo/Info.plist;
				LD_RUNPATH_SEARCH_PATHS = "$(inherited) @executable_path/Frameworks";
				PRODUCT_BUNDLE_IDENTIFIER = "Sky-.SK-UIKiteDemo";
				PRODUCT_NAME = "$(TARGET_NAME)";
				TARGETED_DEVICE_FAMILY = "1,2";
			};
			name = Debug;
		};
		A44B0BA81FA9CF2B001B00FB /* Release */ = {
			isa = XCBuildConfiguration;
			buildSettings = {
				ASSETCATALOG_COMPILER_APPICON_NAME = AppIcon;
				CODE_SIGN_STYLE = Automatic;
				DEVELOPMENT_TEAM = ME59B3AM52;
				INFOPLIST_FILE = SK_UIKiteDemo/Info.plist;
				LD_RUNPATH_SEARCH_PATHS = "$(inherited) @executable_path/Frameworks";
				PRODUCT_BUNDLE_IDENTIFIER = "Sky-.SK-UIKiteDemo";
				PRODUCT_NAME = "$(TARGET_NAME)";
				TARGETED_DEVICE_FAMILY = "1,2";
			};
			name = Release;
		};
/* End XCBuildConfiguration section */

/* Begin XCConfigurationList section */
		A44B0B8B1FA9CF2B001B00FB /* Build configuration list for PBXProject "SK_UIKiteDemo" */ = {
			isa = XCConfigurationList;
			buildConfigurations = (
				A44B0BA41FA9CF2B001B00FB /* Debug */,
				A44B0BA51FA9CF2B001B00FB /* Release */,
			);
			defaultConfigurationIsVisible = 0;
			defaultConfigurationName = Release;
		};
		A44B0BA61FA9CF2B001B00FB /* Build configuration list for PBXNativeTarget "SK_UIKiteDemo" */ = {
			isa = XCConfigurationList;
			buildConfigurations = (
				A44B0BA71FA9CF2B001B00FB /* Debug */,
				A44B0BA81FA9CF2B001B00FB /* Release */,
			);
			defaultConfigurationIsVisible = 0;
			defaultConfigurationName = Release;
		};
/* End XCConfigurationList section */
	};
	rootObject = A44B0B881FA9CF2B001B00FB /* Project object */;
}
